// !$*UTF8*$!
{
	archiveVersion = 1;
	classes = {
	};
	objectVersion = 52;
	objects = {

/* Begin PBXBuildFile section */
		18E3D4691328C12A2AFFE285 /* Pods_FTC_Scouting_FTC_ScoutingUITests.framework in Frameworks */ = {isa = PBXBuildFile; fileRef = 2116889B49E6AB7C7B8FB06A /* Pods_FTC_Scouting_FTC_ScoutingUITests.framework */; };
		397EEE8B36158CB8556FD0E7 /* Pods_FTC_Scouting.framework in Frameworks */ = {isa = PBXBuildFile; fileRef = BE9FA7E7316A9B0EFDCCCE90 /* Pods_FTC_Scouting.framework */; };
		5D5A031F24E105CB00B278CF /* IQKeyboardManagerSwift in Frameworks */ = {isa = PBXBuildFile; productRef = 5D5A031E24E105CB00B278CF /* IQKeyboardManagerSwift */; };
		5D5B057724C5999B0078E7B6 /* Main.storyboard in Resources */ = {isa = PBXBuildFile; fileRef = 5D5B057524C5999B0078E7B6 /* Main.storyboard */; };
		5D5B057C24C59B420078E7B6 /* LaunchScreen.storyboard in Resources */ = {isa = PBXBuildFile; fileRef = 5D5B057A24C59B420078E7B6 /* LaunchScreen.storyboard */; };
		5D5B96F824C5444E0064BCD7 /* FTC_ScoutingTests.swift in Sources */ = {isa = PBXBuildFile; fileRef = 5D5B96F724C5444E0064BCD7 /* FTC_ScoutingTests.swift */; };
		5D5D404024C616ED00361B20 /* mlg-startup.png in Resources */ = {isa = PBXBuildFile; fileRef = 5D5D403F24C616ED00361B20 /* mlg-startup.png */; };
		5DAC791D24BED6D900FB82DE /* AppDelegate.swift in Sources */ = {isa = PBXBuildFile; fileRef = 5DAC791C24BED6D900FB82DE /* AppDelegate.swift */; };
		5DAC791F24BED6D900FB82DE /* SceneDelegate.swift in Sources */ = {isa = PBXBuildFile; fileRef = 5DAC791E24BED6D900FB82DE /* SceneDelegate.swift */; };
		5DAC792124BED6D900FB82DE /* ViewController.swift in Sources */ = {isa = PBXBuildFile; fileRef = 5DAC792024BED6D900FB82DE /* ViewController.swift */; };
		5DAC792624BED6DB00FB82DE /* Assets.xcassets in Resources */ = {isa = PBXBuildFile; fileRef = 5DAC792524BED6DB00FB82DE /* Assets.xcassets */; };
		5DAC793F24BED6DB00FB82DE /* FTC_ScoutingUITests.swift in Sources */ = {isa = PBXBuildFile; fileRef = 5DAC793E24BED6DB00FB82DE /* FTC_ScoutingUITests.swift */; };
		5DBEC14724DE35BC003ABD96 /* Stickers.xcassets in Resources */ = {isa = PBXBuildFile; fileRef = 5DBEC14624DE35BC003ABD96 /* Stickers.xcassets */; };
		5DBEC14B24DE35BC003ABD96 /* NeocraticStickers.appex in Embed App Extensions */ = {isa = PBXBuildFile; fileRef = 5DBEC14424DE35B6003ABD96 /* NeocraticStickers.appex */; settings = {ATTRIBUTES = (RemoveHeadersOnCopy, ); }; };
		C8EE79DD280A5F3FACC9E9E2 /* Pods_FTC_ScoutingTests.framework in Frameworks */ = {isa = PBXBuildFile; fileRef = EF091C96285C7E0065D56F3F /* Pods_FTC_ScoutingTests.framework */; };
		DAA76CD8C14566A46B807B1B /* Pods_NeocraticStickers.framework in Frameworks */ = {isa = PBXBuildFile; fileRef = B0DAF9C24A433EF847432E9C /* Pods_NeocraticStickers.framework */; };
/* End PBXBuildFile section */

/* Begin PBXContainerItemProxy section */
		5DAC793024BED6DB00FB82DE /* PBXContainerItemProxy */ = {
			isa = PBXContainerItemProxy;
			containerPortal = 5DAC791124BED6D900FB82DE /* Project object */;
			proxyType = 1;
			remoteGlobalIDString = 5DAC791824BED6D900FB82DE;
			remoteInfo = "FTC-Scouting";
		};
		5DAC793B24BED6DB00FB82DE /* PBXContainerItemProxy */ = {
			isa = PBXContainerItemProxy;
			containerPortal = 5DAC791124BED6D900FB82DE /* Project object */;
			proxyType = 1;
			remoteGlobalIDString = 5DAC791824BED6D900FB82DE;
			remoteInfo = "FTC-Scouting";
		};
		5DBEC14924DE35BC003ABD96 /* PBXContainerItemProxy */ = {
			isa = PBXContainerItemProxy;
			containerPortal = 5DAC791124BED6D900FB82DE /* Project object */;
			proxyType = 1;
			remoteGlobalIDString = 5DBEC14324DE35B6003ABD96;
			remoteInfo = NeocraticStickers;
		};
/* End PBXContainerItemProxy section */

/* Begin PBXCopyFilesBuildPhase section */
		5DBEC14C24DE35BC003ABD96 /* Embed App Extensions */ = {
			isa = PBXCopyFilesBuildPhase;
			buildActionMask = 2147483647;
			dstPath = "";
			dstSubfolderSpec = 13;
			files = (
				5DBEC14B24DE35BC003ABD96 /* NeocraticStickers.appex in Embed App Extensions */,
			);
			name = "Embed App Extensions";
			runOnlyForDeploymentPostprocessing = 0;
		};
/* End PBXCopyFilesBuildPhase section */

/* Begin PBXFileReference section */
		2116889B49E6AB7C7B8FB06A /* Pods_FTC_Scouting_FTC_ScoutingUITests.framework */ = {isa = PBXFileReference; explicitFileType = wrapper.framework; includeInIndex = 0; path = Pods_FTC_Scouting_FTC_ScoutingUITests.framework; sourceTree = BUILT_PRODUCTS_DIR; };
		281095B3CF9320EC4D5DE768 /* Pods-FTC-ScoutingTests.release.xcconfig */ = {isa = PBXFileReference; includeInIndex = 1; lastKnownFileType = text.xcconfig; name = "Pods-FTC-ScoutingTests.release.xcconfig"; path = "Target Support Files/Pods-FTC-ScoutingTests/Pods-FTC-ScoutingTests.release.xcconfig"; sourceTree = "<group>"; };
		2ADF143F2160A544B929738B /* Pods-FTC-ScoutingTests.debug.xcconfig */ = {isa = PBXFileReference; includeInIndex = 1; lastKnownFileType = text.xcconfig; name = "Pods-FTC-ScoutingTests.debug.xcconfig"; path = "Target Support Files/Pods-FTC-ScoutingTests/Pods-FTC-ScoutingTests.debug.xcconfig"; sourceTree = "<group>"; };
		3ABA6B23E7396FB54A7D4C15 /* Pods-FTC-Scouting-FTC-ScoutingUITests.release.xcconfig */ = {isa = PBXFileReference; includeInIndex = 1; lastKnownFileType = text.xcconfig; name = "Pods-FTC-Scouting-FTC-ScoutingUITests.release.xcconfig"; path = "Target Support Files/Pods-FTC-Scouting-FTC-ScoutingUITests/Pods-FTC-Scouting-FTC-ScoutingUITests.release.xcconfig"; sourceTree = "<group>"; };
		5D5B057624C5999B0078E7B6 /* Base */ = {isa = PBXFileReference; lastKnownFileType = file.storyboard; name = Base; path = Base.lproj/Main.storyboard; sourceTree = "<group>"; };
		5D5B057B24C59B420078E7B6 /* Base */ = {isa = PBXFileReference; lastKnownFileType = file.storyboard; name = Base; path = Base.lproj/LaunchScreen.storyboard; sourceTree = "<group>"; };
		5D5B96F724C5444E0064BCD7 /* FTC_ScoutingTests.swift */ = {isa = PBXFileReference; fileEncoding = 4; lastKnownFileType = sourcecode.swift; path = FTC_ScoutingTests.swift; sourceTree = SOURCE_ROOT; };
		5D5D403F24C616ED00361B20 /* mlg-startup.png */ = {isa = PBXFileReference; lastKnownFileType = image.png; name = "mlg-startup.png"; path = "Assets/Startup/mlg-startup.png"; sourceTree = "<group>"; };
		5D74C2C924DE0C86006F0D1F /* FTC-Scouting.entitlements */ = {isa = PBXFileReference; lastKnownFileType = text.plist.entitlements; path = "FTC-Scouting.entitlements"; sourceTree = "<group>"; };
		5DAC791924BED6D900FB82DE /* FTC-Scouting.app */ = {isa = PBXFileReference; explicitFileType = wrapper.application; includeInIndex = 0; path = "FTC-Scouting.app"; sourceTree = BUILT_PRODUCTS_DIR; };
		5DAC791C24BED6D900FB82DE /* AppDelegate.swift */ = {isa = PBXFileReference; lastKnownFileType = sourcecode.swift; path = AppDelegate.swift; sourceTree = "<group>"; };
		5DAC791E24BED6D900FB82DE /* SceneDelegate.swift */ = {isa = PBXFileReference; lastKnownFileType = sourcecode.swift; path = SceneDelegate.swift; sourceTree = "<group>"; };
		5DAC792024BED6D900FB82DE /* ViewController.swift */ = {isa = PBXFileReference; lastKnownFileType = sourcecode.swift; path = ViewController.swift; sourceTree = "<group>"; };
		5DAC792524BED6DB00FB82DE /* Assets.xcassets */ = {isa = PBXFileReference; lastKnownFileType = folder.assetcatalog; path = Assets.xcassets; sourceTree = "<group>"; };
		5DAC792A24BED6DB00FB82DE /* Info.plist */ = {isa = PBXFileReference; lastKnownFileType = text.plist.xml; path = Info.plist; sourceTree = "<group>"; };
		5DAC792F24BED6DB00FB82DE /* FTC-ScoutingTests.xctest */ = {isa = PBXFileReference; explicitFileType = wrapper.cfbundle; includeInIndex = 0; path = "FTC-ScoutingTests.xctest"; sourceTree = BUILT_PRODUCTS_DIR; };
		5DAC793524BED6DB00FB82DE /* Info.plist */ = {isa = PBXFileReference; lastKnownFileType = text.plist.xml; path = Info.plist; sourceTree = "<group>"; };
		5DAC793A24BED6DB00FB82DE /* FTC-ScoutingUITests.xctest */ = {isa = PBXFileReference; explicitFileType = wrapper.cfbundle; includeInIndex = 0; path = "FTC-ScoutingUITests.xctest"; sourceTree = BUILT_PRODUCTS_DIR; };
		5DAC793E24BED6DB00FB82DE /* FTC_ScoutingUITests.swift */ = {isa = PBXFileReference; lastKnownFileType = sourcecode.swift; path = FTC_ScoutingUITests.swift; sourceTree = "<group>"; };
		5DAC794024BED6DB00FB82DE /* Info.plist */ = {isa = PBXFileReference; lastKnownFileType = text.plist.xml; path = Info.plist; sourceTree = "<group>"; };
		5DBEC14424DE35B6003ABD96 /* NeocraticStickers.appex */ = {isa = PBXFileReference; explicitFileType = "wrapper.app-extension"; includeInIndex = 0; path = NeocraticStickers.appex; sourceTree = BUILT_PRODUCTS_DIR; };
		5DBEC14624DE35BC003ABD96 /* Stickers.xcassets */ = {isa = PBXFileReference; lastKnownFileType = folder.assetcatalog; path = Stickers.xcassets; sourceTree = "<group>"; };
		5DBEC14824DE35BC003ABD96 /* Info.plist */ = {isa = PBXFileReference; lastKnownFileType = text.plist.xml; path = Info.plist; sourceTree = "<group>"; };
		61A4975AE9EA6D8D936C9104 /* Pods-FTC-Scouting-FTC-ScoutingUITests.debug.xcconfig */ = {isa = PBXFileReference; includeInIndex = 1; lastKnownFileType = text.xcconfig; name = "Pods-FTC-Scouting-FTC-ScoutingUITests.debug.xcconfig"; path = "Target Support Files/Pods-FTC-Scouting-FTC-ScoutingUITests/Pods-FTC-Scouting-FTC-ScoutingUITests.debug.xcconfig"; sourceTree = "<group>"; };
		9AC4C6B87ECD0278E204BEBA /* Pods-NeocraticStickers.release.xcconfig */ = {isa = PBXFileReference; includeInIndex = 1; lastKnownFileType = text.xcconfig; name = "Pods-NeocraticStickers.release.xcconfig"; path = "Target Support Files/Pods-NeocraticStickers/Pods-NeocraticStickers.release.xcconfig"; sourceTree = "<group>"; };
		9D628812056FD8EA793464D0 /* Pods-NeocraticStickers.debug.xcconfig */ = {isa = PBXFileReference; includeInIndex = 1; lastKnownFileType = text.xcconfig; name = "Pods-NeocraticStickers.debug.xcconfig"; path = "Target Support Files/Pods-NeocraticStickers/Pods-NeocraticStickers.debug.xcconfig"; sourceTree = "<group>"; };
		B0DAF9C24A433EF847432E9C /* Pods_NeocraticStickers.framework */ = {isa = PBXFileReference; explicitFileType = wrapper.framework; includeInIndex = 0; path = Pods_NeocraticStickers.framework; sourceTree = BUILT_PRODUCTS_DIR; };
		BDC221987DB4489D7AA5B02F /* Pods-FTC-Scouting.release.xcconfig */ = {isa = PBXFileReference; includeInIndex = 1; lastKnownFileType = text.xcconfig; name = "Pods-FTC-Scouting.release.xcconfig"; path = "Target Support Files/Pods-FTC-Scouting/Pods-FTC-Scouting.release.xcconfig"; sourceTree = "<group>"; };
		BE9FA7E7316A9B0EFDCCCE90 /* Pods_FTC_Scouting.framework */ = {isa = PBXFileReference; explicitFileType = wrapper.framework; includeInIndex = 0; path = Pods_FTC_Scouting.framework; sourceTree = BUILT_PRODUCTS_DIR; };
		D9D4AE3190C12AC318583590 /* Pods-FTC-Scouting.debug.xcconfig */ = {isa = PBXFileReference; includeInIndex = 1; lastKnownFileType = text.xcconfig; name = "Pods-FTC-Scouting.debug.xcconfig"; path = "Target Support Files/Pods-FTC-Scouting/Pods-FTC-Scouting.debug.xcconfig"; sourceTree = "<group>"; };
		EF091C96285C7E0065D56F3F /* Pods_FTC_ScoutingTests.framework */ = {isa = PBXFileReference; explicitFileType = wrapper.framework; includeInIndex = 0; path = Pods_FTC_ScoutingTests.framework; sourceTree = BUILT_PRODUCTS_DIR; };
/* End PBXFileReference section */

/* Begin PBXFrameworksBuildPhase section */
		5DAC791624BED6D900FB82DE /* Frameworks */ = {
			isa = PBXFrameworksBuildPhase;
			buildActionMask = 2147483647;
			files = (
				397EEE8B36158CB8556FD0E7 /* Pods_FTC_Scouting.framework in Frameworks */,
				5D5A031F24E105CB00B278CF /* IQKeyboardManagerSwift in Frameworks */,
			);
			runOnlyForDeploymentPostprocessing = 0;
		};
		5DAC792C24BED6DB00FB82DE /* Frameworks */ = {
			isa = PBXFrameworksBuildPhase;
			buildActionMask = 2147483647;
			files = (
				C8EE79DD280A5F3FACC9E9E2 /* Pods_FTC_ScoutingTests.framework in Frameworks */,
			);
			runOnlyForDeploymentPostprocessing = 0;
		};
		5DAC793724BED6DB00FB82DE /* Frameworks */ = {
			isa = PBXFrameworksBuildPhase;
			buildActionMask = 2147483647;
			files = (
				18E3D4691328C12A2AFFE285 /* Pods_FTC_Scouting_FTC_ScoutingUITests.framework in Frameworks */,
			);
			runOnlyForDeploymentPostprocessing = 0;
		};
		E5FAC2B085A4F55F316F7995 /* Frameworks */ = {
			isa = PBXFrameworksBuildPhase;
			buildActionMask = 2147483647;
			files = (
				DAA76CD8C14566A46B807B1B /* Pods_NeocraticStickers.framework in Frameworks */,
			);
			runOnlyForDeploymentPostprocessing = 0;
		};
/* End PBXFrameworksBuildPhase section */

/* Begin PBXGroup section */
		02271DA93D1F234C24BFA42D /* Frameworks */ = {
			isa = PBXGroup;
			children = (
				BE9FA7E7316A9B0EFDCCCE90 /* Pods_FTC_Scouting.framework */,
				2116889B49E6AB7C7B8FB06A /* Pods_FTC_Scouting_FTC_ScoutingUITests.framework */,
				EF091C96285C7E0065D56F3F /* Pods_FTC_ScoutingTests.framework */,
				B0DAF9C24A433EF847432E9C /* Pods_NeocraticStickers.framework */,
			);
			name = Frameworks;
			sourceTree = "<group>";
		};
		110C75A23E5022FBA41ADB9A /* Pods */ = {
			isa = PBXGroup;
			children = (
				D9D4AE3190C12AC318583590 /* Pods-FTC-Scouting.debug.xcconfig */,
				BDC221987DB4489D7AA5B02F /* Pods-FTC-Scouting.release.xcconfig */,
				61A4975AE9EA6D8D936C9104 /* Pods-FTC-Scouting-FTC-ScoutingUITests.debug.xcconfig */,
				3ABA6B23E7396FB54A7D4C15 /* Pods-FTC-Scouting-FTC-ScoutingUITests.release.xcconfig */,
				2ADF143F2160A544B929738B /* Pods-FTC-ScoutingTests.debug.xcconfig */,
				281095B3CF9320EC4D5DE768 /* Pods-FTC-ScoutingTests.release.xcconfig */,
				9D628812056FD8EA793464D0 /* Pods-NeocraticStickers.debug.xcconfig */,
				9AC4C6B87ECD0278E204BEBA /* Pods-NeocraticStickers.release.xcconfig */,
			);
			path = Pods;
			sourceTree = "<group>";
		};
		5DAC791024BED6D900FB82DE = {
			isa = PBXGroup;
			children = (
				5DAC791B24BED6D900FB82DE /* FTC-Scouting */,
				5DAC793224BED6DB00FB82DE /* FTC-ScoutingTests */,
				5DAC793D24BED6DB00FB82DE /* FTC-ScoutingUITests */,
				5DBEC14524DE35B6003ABD96 /* NeocraticStickers */,
				5DAC791A24BED6D900FB82DE /* Products */,
				110C75A23E5022FBA41ADB9A /* Pods */,
				02271DA93D1F234C24BFA42D /* Frameworks */,
			);
			sourceTree = "<group>";
		};
		5DAC791A24BED6D900FB82DE /* Products */ = {
			isa = PBXGroup;
			children = (
				5DAC791924BED6D900FB82DE /* FTC-Scouting.app */,
				5DAC792F24BED6DB00FB82DE /* FTC-ScoutingTests.xctest */,
				5DAC793A24BED6DB00FB82DE /* FTC-ScoutingUITests.xctest */,
				5DBEC14424DE35B6003ABD96 /* NeocraticStickers.appex */,
			);
			name = Products;
			sourceTree = "<group>";
		};
		5DAC791B24BED6D900FB82DE /* FTC-Scouting */ = {
			isa = PBXGroup;
			children = (
				5D74C2C924DE0C86006F0D1F /* FTC-Scouting.entitlements */,
				5DAC791C24BED6D900FB82DE /* AppDelegate.swift */,
				5DAC791E24BED6D900FB82DE /* SceneDelegate.swift */,
				5DAC792024BED6D900FB82DE /* ViewController.swift */,
				5D5B057524C5999B0078E7B6 /* Main.storyboard */,
				5D5B057A24C59B420078E7B6 /* LaunchScreen.storyboard */,
				5D5D403F24C616ED00361B20 /* mlg-startup.png */,
				5DAC792524BED6DB00FB82DE /* Assets.xcassets */,
				5DAC792A24BED6DB00FB82DE /* Info.plist */,
			);
			path = "FTC-Scouting";
			sourceTree = "<group>";
		};
		5DAC793224BED6DB00FB82DE /* FTC-ScoutingTests */ = {
			isa = PBXGroup;
			children = (
				5DAC793524BED6DB00FB82DE /* Info.plist */,
				5D5B96F724C5444E0064BCD7 /* FTC_ScoutingTests.swift */,
			);
			path = "FTC-ScoutingTests";
			sourceTree = "<group>";
		};
		5DAC793D24BED6DB00FB82DE /* FTC-ScoutingUITests */ = {
			isa = PBXGroup;
			children = (
				5DAC793E24BED6DB00FB82DE /* FTC_ScoutingUITests.swift */,
				5DAC794024BED6DB00FB82DE /* Info.plist */,
			);
			path = "FTC-ScoutingUITests";
			sourceTree = "<group>";
		};
		5DBEC14524DE35B6003ABD96 /* NeocraticStickers */ = {
			isa = PBXGroup;
			children = (
				5DBEC14624DE35BC003ABD96 /* Stickers.xcassets */,
				5DBEC14824DE35BC003ABD96 /* Info.plist */,
			);
			path = NeocraticStickers;
			sourceTree = "<group>";
		};
/* End PBXGroup section */

/* Begin PBXNativeTarget section */
		5DAC791824BED6D900FB82DE /* FTC-Scouting */ = {
			isa = PBXNativeTarget;
			buildConfigurationList = 5DAC794324BED6DB00FB82DE /* Build configuration list for PBXNativeTarget "FTC-Scouting" */;
			buildPhases = (
				24709EAC9ACE795708875636 /* [CP] Check Pods Manifest.lock */,
				5DAC791524BED6D900FB82DE /* Sources */,
				5DAC791624BED6D900FB82DE /* Frameworks */,
				5DAC791724BED6D900FB82DE /* Resources */,
				5DBEC14C24DE35BC003ABD96 /* Embed App Extensions */,
			);
			buildRules = (
			);
			dependencies = (
				5DBEC14A24DE35BC003ABD96 /* PBXTargetDependency */,
			);
			name = "FTC-Scouting";
			packageProductDependencies = (
				5D5A031E24E105CB00B278CF /* IQKeyboardManagerSwift */,
			);
			productName = "FTC-Scouting";
			productReference = 5DAC791924BED6D900FB82DE /* FTC-Scouting.app */;
			productType = "com.apple.product-type.application";
		};
		5DAC792E24BED6DB00FB82DE /* FTC-ScoutingTests */ = {
			isa = PBXNativeTarget;
			buildConfigurationList = 5DAC794624BED6DB00FB82DE /* Build configuration list for PBXNativeTarget "FTC-ScoutingTests" */;
			buildPhases = (
				7E6DE78DA4FC223A2153AAF5 /* [CP] Check Pods Manifest.lock */,
				5DAC792B24BED6DB00FB82DE /* Sources */,
				5DAC792C24BED6DB00FB82DE /* Frameworks */,
				5DAC792D24BED6DB00FB82DE /* Resources */,
			);
			buildRules = (
			);
			dependencies = (
				5DAC793124BED6DB00FB82DE /* PBXTargetDependency */,
			);
			name = "FTC-ScoutingTests";
			productName = "FTC-ScoutingTests";
			productReference = 5DAC792F24BED6DB00FB82DE /* FTC-ScoutingTests.xctest */;
			productType = "com.apple.product-type.bundle.unit-test";
		};
		5DAC793924BED6DB00FB82DE /* FTC-ScoutingUITests */ = {
			isa = PBXNativeTarget;
			buildConfigurationList = 5DAC794924BED6DB00FB82DE /* Build configuration list for PBXNativeTarget "FTC-ScoutingUITests" */;
			buildPhases = (
				843DFFA4F472AF7C6320B853 /* [CP] Check Pods Manifest.lock */,
				5DAC793624BED6DB00FB82DE /* Sources */,
				5DAC793724BED6DB00FB82DE /* Frameworks */,
				5DAC793824BED6DB00FB82DE /* Resources */,
			);
			buildRules = (
			);
			dependencies = (
				5DAC793C24BED6DB00FB82DE /* PBXTargetDependency */,
			);
			name = "FTC-ScoutingUITests";
			productName = "FTC-ScoutingUITests";
			productReference = 5DAC793A24BED6DB00FB82DE /* FTC-ScoutingUITests.xctest */;
			productType = "com.apple.product-type.bundle.ui-testing";
		};
		5DBEC14324DE35B6003ABD96 /* NeocraticStickers */ = {
			isa = PBXNativeTarget;
			buildConfigurationList = 5DBEC14F24DE35BC003ABD96 /* Build configuration list for PBXNativeTarget "NeocraticStickers" */;
			buildPhases = (
				817E120C162239E31C2AC963 /* [CP] Check Pods Manifest.lock */,
				5DBEC14224DE35B6003ABD96 /* Resources */,
				E5FAC2B085A4F55F316F7995 /* Frameworks */,
			);
			buildRules = (
			);
			dependencies = (
			);
			name = NeocraticStickers;
			productName = NeocraticStickers;
			productReference = 5DBEC14424DE35B6003ABD96 /* NeocraticStickers.appex */;
			productType = "com.apple.product-type.app-extension.messages-sticker-pack";
		};
/* End PBXNativeTarget section */

/* Begin PBXProject section */
		5DAC791124BED6D900FB82DE /* Project object */ = {
			isa = PBXProject;
			attributes = {
				LastSwiftUpdateCheck = 1150;
				LastUpgradeCheck = 1150;
				ORGANIZATIONNAME = Cheese;
				TargetAttributes = {
					5DAC791824BED6D900FB82DE = {
						CreatedOnToolsVersion = 11.5;
					};
					5DAC792E24BED6DB00FB82DE = {
						CreatedOnToolsVersion = 11.5;
						LastSwiftMigration = 1150;
						TestTargetID = 5DAC791824BED6D900FB82DE;
					};
					5DAC793924BED6DB00FB82DE = {
						CreatedOnToolsVersion = 11.5;
						TestTargetID = 5DAC791824BED6D900FB82DE;
					};
					5DBEC14324DE35B6003ABD96 = {
						CreatedOnToolsVersion = 11.6;
					};
				};
			};
			buildConfigurationList = 5DAC791424BED6D900FB82DE /* Build configuration list for PBXProject "FTC-Scouting" */;
			compatibilityVersion = "Xcode 9.3";
			developmentRegion = en;
			hasScannedForEncodings = 0;
			knownRegions = (
				en,
				Base,
			);
			mainGroup = 5DAC791024BED6D900FB82DE;
			packageReferences = (
				5D5A031D24E105CB00B278CF /* XCRemoteSwiftPackageReference "IQKeyboardManager" */,
			);
			productRefGroup = 5DAC791A24BED6D900FB82DE /* Products */;
			projectDirPath = "";
			projectRoot = "";
			targets = (
				5DAC791824BED6D900FB82DE /* FTC-Scouting */,
				5DAC792E24BED6DB00FB82DE /* FTC-ScoutingTests */,
				5DAC793924BED6DB00FB82DE /* FTC-ScoutingUITests */,
				5DBEC14324DE35B6003ABD96 /* NeocraticStickers */,
			);
		};
/* End PBXProject section */

/* Begin PBXResourcesBuildPhase section */
		5DAC791724BED6D900FB82DE /* Resources */ = {
			isa = PBXResourcesBuildPhase;
			buildActionMask = 2147483647;
			files = (
				5DAC792624BED6DB00FB82DE /* Assets.xcassets in Resources */,
				5D5D404024C616ED00361B20 /* mlg-startup.png in Resources */,
				5D5B057C24C59B420078E7B6 /* LaunchScreen.storyboard in Resources */,
				5D5B057724C5999B0078E7B6 /* Main.storyboard in Resources */,
			);
			runOnlyForDeploymentPostprocessing = 0;
		};
		5DAC792D24BED6DB00FB82DE /* Resources */ = {
			isa = PBXResourcesBuildPhase;
			buildActionMask = 2147483647;
			files = (
			);
			runOnlyForDeploymentPostprocessing = 0;
		};
		5DAC793824BED6DB00FB82DE /* Resources */ = {
			isa = PBXResourcesBuildPhase;
			buildActionMask = 2147483647;
			files = (
			);
			runOnlyForDeploymentPostprocessing = 0;
		};
		5DBEC14224DE35B6003ABD96 /* Resources */ = {
			isa = PBXResourcesBuildPhase;
			buildActionMask = 2147483647;
			files = (
				5DBEC14724DE35BC003ABD96 /* Stickers.xcassets in Resources */,
			);
			runOnlyForDeploymentPostprocessing = 0;
		};
/* End PBXResourcesBuildPhase section */

/* Begin PBXShellScriptBuildPhase section */
		24709EAC9ACE795708875636 /* [CP] Check Pods Manifest.lock */ = {
			isa = PBXShellScriptBuildPhase;
			buildActionMask = 2147483647;
			files = (
			);
			inputFileListPaths = (
			);
			inputPaths = (
				"${PODS_PODFILE_DIR_PATH}/Podfile.lock",
				"${PODS_ROOT}/Manifest.lock",
			);
			name = "[CP] Check Pods Manifest.lock";
			outputFileListPaths = (
			);
			outputPaths = (
				"$(DERIVED_FILE_DIR)/Pods-FTC-Scouting-checkManifestLockResult.txt",
			);
			runOnlyForDeploymentPostprocessing = 0;
			shellPath = /bin/sh;
			shellScript = "diff \"${PODS_PODFILE_DIR_PATH}/Podfile.lock\" \"${PODS_ROOT}/Manifest.lock\" > /dev/null\nif [ $? != 0 ] ; then\n    # print error to STDERR\n    echo \"error: The sandbox is not in sync with the Podfile.lock. Run 'pod install' or update your CocoaPods installation.\" >&2\n    exit 1\nfi\n# This output is used by Xcode 'outputs' to avoid re-running this script phase.\necho \"SUCCESS\" > \"${SCRIPT_OUTPUT_FILE_0}\"\n";
			showEnvVarsInLog = 0;
		};
		7E6DE78DA4FC223A2153AAF5 /* [CP] Check Pods Manifest.lock */ = {
			isa = PBXShellScriptBuildPhase;
			buildActionMask = 2147483647;
			files = (
			);
			inputFileListPaths = (
			);
			inputPaths = (
				"${PODS_PODFILE_DIR_PATH}/Podfile.lock",
				"${PODS_ROOT}/Manifest.lock",
			);
			name = "[CP] Check Pods Manifest.lock";
			outputFileListPaths = (
			);
			outputPaths = (
				"$(DERIVED_FILE_DIR)/Pods-FTC-ScoutingTests-checkManifestLockResult.txt",
			);
			runOnlyForDeploymentPostprocessing = 0;
			shellPath = /bin/sh;
			shellScript = "diff \"${PODS_PODFILE_DIR_PATH}/Podfile.lock\" \"${PODS_ROOT}/Manifest.lock\" > /dev/null\nif [ $? != 0 ] ; then\n    # print error to STDERR\n    echo \"error: The sandbox is not in sync with the Podfile.lock. Run 'pod install' or update your CocoaPods installation.\" >&2\n    exit 1\nfi\n# This output is used by Xcode 'outputs' to avoid re-running this script phase.\necho \"SUCCESS\" > \"${SCRIPT_OUTPUT_FILE_0}\"\n";
			showEnvVarsInLog = 0;
		};
		817E120C162239E31C2AC963 /* [CP] Check Pods Manifest.lock */ = {
			isa = PBXShellScriptBuildPhase;
			buildActionMask = 2147483647;
			files = (
			);
			inputFileListPaths = (
			);
			inputPaths = (
				"${PODS_PODFILE_DIR_PATH}/Podfile.lock",
				"${PODS_ROOT}/Manifest.lock",
			);
			name = "[CP] Check Pods Manifest.lock";
			outputFileListPaths = (
			);
			outputPaths = (
				"$(DERIVED_FILE_DIR)/Pods-NeocraticStickers-checkManifestLockResult.txt",
			);
			runOnlyForDeploymentPostprocessing = 0;
			shellPath = /bin/sh;
			shellScript = "diff \"${PODS_PODFILE_DIR_PATH}/Podfile.lock\" \"${PODS_ROOT}/Manifest.lock\" > /dev/null\nif [ $? != 0 ] ; then\n    # print error to STDERR\n    echo \"error: The sandbox is not in sync with the Podfile.lock. Run 'pod install' or update your CocoaPods installation.\" >&2\n    exit 1\nfi\n# This output is used by Xcode 'outputs' to avoid re-running this script phase.\necho \"SUCCESS\" > \"${SCRIPT_OUTPUT_FILE_0}\"\n";
			showEnvVarsInLog = 0;
		};
		843DFFA4F472AF7C6320B853 /* [CP] Check Pods Manifest.lock */ = {
			isa = PBXShellScriptBuildPhase;
			buildActionMask = 2147483647;
			files = (
			);
			inputFileListPaths = (
			);
			inputPaths = (
				"${PODS_PODFILE_DIR_PATH}/Podfile.lock",
				"${PODS_ROOT}/Manifest.lock",
			);
			name = "[CP] Check Pods Manifest.lock";
			outputFileListPaths = (
			);
			outputPaths = (
				"$(DERIVED_FILE_DIR)/Pods-FTC-Scouting-FTC-ScoutingUITests-checkManifestLockResult.txt",
			);
			runOnlyForDeploymentPostprocessing = 0;
			shellPath = /bin/sh;
			shellScript = "diff \"${PODS_PODFILE_DIR_PATH}/Podfile.lock\" \"${PODS_ROOT}/Manifest.lock\" > /dev/null\nif [ $? != 0 ] ; then\n    # print error to STDERR\n    echo \"error: The sandbox is not in sync with the Podfile.lock. Run 'pod install' or update your CocoaPods installation.\" >&2\n    exit 1\nfi\n# This output is used by Xcode 'outputs' to avoid re-running this script phase.\necho \"SUCCESS\" > \"${SCRIPT_OUTPUT_FILE_0}\"\n";
			showEnvVarsInLog = 0;
		};
/* End PBXShellScriptBuildPhase section */

/* Begin PBXSourcesBuildPhase section */
		5DAC791524BED6D900FB82DE /* Sources */ = {
			isa = PBXSourcesBuildPhase;
			buildActionMask = 2147483647;
			files = (
				5DAC792124BED6D900FB82DE /* ViewController.swift in Sources */,
				5DAC791D24BED6D900FB82DE /* AppDelegate.swift in Sources */,
				5DAC791F24BED6D900FB82DE /* SceneDelegate.swift in Sources */,
			);
			runOnlyForDeploymentPostprocessing = 0;
		};
		5DAC792B24BED6DB00FB82DE /* Sources */ = {
			isa = PBXSourcesBuildPhase;
			buildActionMask = 2147483647;
			files = (
				5D5B96F824C5444E0064BCD7 /* FTC_ScoutingTests.swift in Sources */,
			);
			runOnlyForDeploymentPostprocessing = 0;
		};
		5DAC793624BED6DB00FB82DE /* Sources */ = {
			isa = PBXSourcesBuildPhase;
			buildActionMask = 2147483647;
			files = (
				5DAC793F24BED6DB00FB82DE /* FTC_ScoutingUITests.swift in Sources */,
			);
			runOnlyForDeploymentPostprocessing = 0;
		};
/* End PBXSourcesBuildPhase section */

/* Begin PBXTargetDependency section */
		5DAC793124BED6DB00FB82DE /* PBXTargetDependency */ = {
			isa = PBXTargetDependency;
			target = 5DAC791824BED6D900FB82DE /* FTC-Scouting */;
			targetProxy = 5DAC793024BED6DB00FB82DE /* PBXContainerItemProxy */;
		};
		5DAC793C24BED6DB00FB82DE /* PBXTargetDependency */ = {
			isa = PBXTargetDependency;
			target = 5DAC791824BED6D900FB82DE /* FTC-Scouting */;
			targetProxy = 5DAC793B24BED6DB00FB82DE /* PBXContainerItemProxy */;
		};
		5DBEC14A24DE35BC003ABD96 /* PBXTargetDependency */ = {
			isa = PBXTargetDependency;
			target = 5DBEC14324DE35B6003ABD96 /* NeocraticStickers */;
			targetProxy = 5DBEC14924DE35BC003ABD96 /* PBXContainerItemProxy */;
		};
/* End PBXTargetDependency section */

/* Begin PBXVariantGroup section */
		5D5B057524C5999B0078E7B6 /* Main.storyboard */ = {
			isa = PBXVariantGroup;
			children = (
				5D5B057624C5999B0078E7B6 /* Base */,
			);
			name = Main.storyboard;
			path = "FTC-Scouting";
			sourceTree = SOURCE_ROOT;
			usesTabs = 0;
		};
		5D5B057A24C59B420078E7B6 /* LaunchScreen.storyboard */ = {
			isa = PBXVariantGroup;
			children = (
				5D5B057B24C59B420078E7B6 /* Base */,
			);
			name = LaunchScreen.storyboard;
			sourceTree = "<group>";
		};
/* End PBXVariantGroup section */

/* Begin XCBuildConfiguration section */
		5DAC794124BED6DB00FB82DE /* Debug */ = {
			isa = XCBuildConfiguration;
			buildSettings = {
				ALWAYS_SEARCH_USER_PATHS = NO;
				CLANG_ANALYZER_NONNULL = YES;
				CLANG_ANALYZER_NUMBER_OBJECT_CONVERSION = YES_AGGRESSIVE;
				CLANG_CXX_LANGUAGE_STANDARD = "gnu++14";
				CLANG_CXX_LIBRARY = "libc++";
				CLANG_ENABLE_MODULES = YES;
				CLANG_ENABLE_OBJC_ARC = YES;
				CLANG_ENABLE_OBJC_WEAK = YES;
				CLANG_WARN_BLOCK_CAPTURE_AUTORELEASING = YES;
				CLANG_WARN_BOOL_CONVERSION = YES;
				CLANG_WARN_COMMA = YES;
				CLANG_WARN_CONSTANT_CONVERSION = YES;
				CLANG_WARN_DEPRECATED_OBJC_IMPLEMENTATIONS = YES;
				CLANG_WARN_DIRECT_OBJC_ISA_USAGE = YES_ERROR;
				CLANG_WARN_DOCUMENTATION_COMMENTS = YES;
				CLANG_WARN_EMPTY_BODY = YES;
				CLANG_WARN_ENUM_CONVERSION = YES;
				CLANG_WARN_INFINITE_RECURSION = YES;
				CLANG_WARN_INT_CONVERSION = YES;
				CLANG_WARN_NON_LITERAL_NULL_CONVERSION = YES;
				CLANG_WARN_OBJC_IMPLICIT_RETAIN_SELF = YES;
				CLANG_WARN_OBJC_LITERAL_CONVERSION = YES;
				CLANG_WARN_OBJC_ROOT_CLASS = YES_ERROR;
				CLANG_WARN_RANGE_LOOP_ANALYSIS = YES;
				CLANG_WARN_STRICT_PROTOTYPES = YES;
				CLANG_WARN_SUSPICIOUS_MOVE = YES;
				CLANG_WARN_UNGUARDED_AVAILABILITY = YES_AGGRESSIVE;
				CLANG_WARN_UNREACHABLE_CODE = YES;
				CLANG_WARN__DUPLICATE_METHOD_MATCH = YES;
				COPY_PHASE_STRIP = NO;
				DEBUG_INFORMATION_FORMAT = dwarf;
				ENABLE_STRICT_OBJC_MSGSEND = YES;
				ENABLE_TESTABILITY = YES;
				GCC_C_LANGUAGE_STANDARD = gnu11;
				GCC_DYNAMIC_NO_PIC = NO;
				GCC_NO_COMMON_BLOCKS = YES;
				GCC_OPTIMIZATION_LEVEL = 0;
				GCC_PREPROCESSOR_DEFINITIONS = (
					"DEBUG=1",
					"$(inherited)",
				);
				GCC_WARN_64_TO_32_BIT_CONVERSION = YES;
				GCC_WARN_ABOUT_RETURN_TYPE = YES_ERROR;
				GCC_WARN_UNDECLARED_SELECTOR = YES;
				GCC_WARN_UNINITIALIZED_AUTOS = YES_AGGRESSIVE;
				GCC_WARN_UNUSED_FUNCTION = YES;
				GCC_WARN_UNUSED_VARIABLE = YES;
				IPHONEOS_DEPLOYMENT_TARGET = 13.6;
				MTL_ENABLE_DEBUG_INFO = INCLUDE_SOURCE;
				MTL_FAST_MATH = YES;
				ONLY_ACTIVE_ARCH = YES;
				SDKROOT = iphoneos;
				SWIFT_ACTIVE_COMPILATION_CONDITIONS = DEBUG;
				SWIFT_OPTIMIZATION_LEVEL = "-Onone";
			};
			name = Debug;
		};
		5DAC794224BED6DB00FB82DE /* Release */ = {
			isa = XCBuildConfiguration;
			buildSettings = {
				ALWAYS_SEARCH_USER_PATHS = NO;
				CLANG_ANALYZER_NONNULL = YES;
				CLANG_ANALYZER_NUMBER_OBJECT_CONVERSION = YES_AGGRESSIVE;
				CLANG_CXX_LANGUAGE_STANDARD = "gnu++14";
				CLANG_CXX_LIBRARY = "libc++";
				CLANG_ENABLE_MODULES = YES;
				CLANG_ENABLE_OBJC_ARC = YES;
				CLANG_ENABLE_OBJC_WEAK = YES;
				CLANG_WARN_BLOCK_CAPTURE_AUTORELEASING = YES;
				CLANG_WARN_BOOL_CONVERSION = YES;
				CLANG_WARN_COMMA = YES;
				CLANG_WARN_CONSTANT_CONVERSION = YES;
				CLANG_WARN_DEPRECATED_OBJC_IMPLEMENTATIONS = YES;
				CLANG_WARN_DIRECT_OBJC_ISA_USAGE = YES_ERROR;
				CLANG_WARN_DOCUMENTATION_COMMENTS = YES;
				CLANG_WARN_EMPTY_BODY = YES;
				CLANG_WARN_ENUM_CONVERSION = YES;
				CLANG_WARN_INFINITE_RECURSION = YES;
				CLANG_WARN_INT_CONVERSION = YES;
				CLANG_WARN_NON_LITERAL_NULL_CONVERSION = YES;
				CLANG_WARN_OBJC_IMPLICIT_RETAIN_SELF = YES;
				CLANG_WARN_OBJC_LITERAL_CONVERSION = YES;
				CLANG_WARN_OBJC_ROOT_CLASS = YES_ERROR;
				CLANG_WARN_RANGE_LOOP_ANALYSIS = YES;
				CLANG_WARN_STRICT_PROTOTYPES = YES;
				CLANG_WARN_SUSPICIOUS_MOVE = YES;
				CLANG_WARN_UNGUARDED_AVAILABILITY = YES_AGGRESSIVE;
				CLANG_WARN_UNREACHABLE_CODE = YES;
				CLANG_WARN__DUPLICATE_METHOD_MATCH = YES;
				COPY_PHASE_STRIP = NO;
				DEBUG_INFORMATION_FORMAT = "dwarf-with-dsym";
				ENABLE_NS_ASSERTIONS = NO;
				ENABLE_STRICT_OBJC_MSGSEND = YES;
				GCC_C_LANGUAGE_STANDARD = gnu11;
				GCC_NO_COMMON_BLOCKS = YES;
				GCC_WARN_64_TO_32_BIT_CONVERSION = YES;
				GCC_WARN_ABOUT_RETURN_TYPE = YES_ERROR;
				GCC_WARN_UNDECLARED_SELECTOR = YES;
				GCC_WARN_UNINITIALIZED_AUTOS = YES_AGGRESSIVE;
				GCC_WARN_UNUSED_FUNCTION = YES;
				GCC_WARN_UNUSED_VARIABLE = YES;
				IPHONEOS_DEPLOYMENT_TARGET = 13.6;
				MTL_ENABLE_DEBUG_INFO = NO;
				MTL_FAST_MATH = YES;
				SDKROOT = iphoneos;
				SWIFT_COMPILATION_MODE = wholemodule;
				SWIFT_OPTIMIZATION_LEVEL = "-O";
				VALIDATE_PRODUCT = YES;
			};
			name = Release;
		};
		5DAC794424BED6DB00FB82DE /* Debug */ = {
			isa = XCBuildConfiguration;
			baseConfigurationReference = D9D4AE3190C12AC318583590 /* Pods-FTC-Scouting.debug.xcconfig */;
			buildSettings = {
				ASSETCATALOG_COMPILER_APPICON_NAME = AppIcon;
				CODE_SIGN_ENTITLEMENTS = "FTC-Scouting/FTC-Scouting.entitlements";
				"CODE_SIGN_IDENTITY[sdk=macosx*]" = "Apple Development";
				CODE_SIGN_STYLE = Automatic;
				CURRENT_PROJECT_VERSION = 5;
				DEVELOPMENT_TEAM = 72QG248FWM;
				INFOPLIST_FILE = "FTC-Scouting/Info.plist";
				IPHONEOS_DEPLOYMENT_TARGET = 10.0;
				LD_RUNPATH_SEARCH_PATHS = (
					"$(inherited)",
					"@executable_path/Frameworks",
				);
				MARKETING_VERSION = 1.0.3;
				PRODUCT_BUNDLE_IDENTIFIER = com.scouting.ftc;
				PRODUCT_NAME = "$(TARGET_NAME)";
				SUPPORTS_MACCATALYST = NO;
				SWIFT_VERSION = 5.0;
				TARGETED_DEVICE_FAMILY = "1,2";
			};
			name = Debug;
		};
		5DAC794524BED6DB00FB82DE /* Release */ = {
			isa = XCBuildConfiguration;
			baseConfigurationReference = BDC221987DB4489D7AA5B02F /* Pods-FTC-Scouting.release.xcconfig */;
			buildSettings = {
				ASSETCATALOG_COMPILER_APPICON_NAME = AppIcon;
				CODE_SIGN_ENTITLEMENTS = "FTC-Scouting/FTC-Scouting.entitlements";
				"CODE_SIGN_IDENTITY[sdk=macosx*]" = "Apple Development";
				CODE_SIGN_STYLE = Automatic;
				CURRENT_PROJECT_VERSION = 5;
				DEVELOPMENT_TEAM = 72QG248FWM;
				INFOPLIST_FILE = "FTC-Scouting/Info.plist";
				IPHONEOS_DEPLOYMENT_TARGET = 10.0;
				LD_RUNPATH_SEARCH_PATHS = (
					"$(inherited)",
					"@executable_path/Frameworks",
				);
				MARKETING_VERSION = 1.0.3;
				PRODUCT_BUNDLE_IDENTIFIER = com.scouting.ftc;
				PRODUCT_NAME = "$(TARGET_NAME)";
				SUPPORTS_MACCATALYST = NO;
				SWIFT_VERSION = 5.0;
				TARGETED_DEVICE_FAMILY = "1,2";
			};
			name = Release;
		};
		5DAC794724BED6DB00FB82DE /* Debug */ = {
			isa = XCBuildConfiguration;
			baseConfigurationReference = 2ADF143F2160A544B929738B /* Pods-FTC-ScoutingTests.debug.xcconfig */;
			buildSettings = {
				ALWAYS_EMBED_SWIFT_STANDARD_LIBRARIES = YES;
				BUNDLE_LOADER = "$(TEST_HOST)";
				CLANG_ENABLE_MODULES = YES;
				CODE_SIGN_STYLE = Automatic;
				DEVELOPMENT_TEAM = BK37X6SHR4;
				INFOPLIST_FILE = "FTC-ScoutingTests/Info.plist";
				IPHONEOS_DEPLOYMENT_TARGET = 13.5;
				LD_RUNPATH_SEARCH_PATHS = (
					"$(inherited)",
					"@executable_path/Frameworks",
					"@loader_path/Frameworks",
				);
				PRODUCT_BUNDLE_IDENTIFIER = "com.FTC-ScoutingTests";
				PRODUCT_NAME = "$(TARGET_NAME)";
				SWIFT_OPTIMIZATION_LEVEL = "-Onone";
				SWIFT_VERSION = 5.0;
				TARGETED_DEVICE_FAMILY = "1,2";
				TEST_HOST = "$(BUILT_PRODUCTS_DIR)/FTC-Scouting.app/FTC-Scouting";
			};
			name = Debug;
		};
		5DAC794824BED6DB00FB82DE /* Release */ = {
			isa = XCBuildConfiguration;
			baseConfigurationReference = 281095B3CF9320EC4D5DE768 /* Pods-FTC-ScoutingTests.release.xcconfig */;
			buildSettings = {
				ALWAYS_EMBED_SWIFT_STANDARD_LIBRARIES = YES;
				BUNDLE_LOADER = "$(TEST_HOST)";
				CLANG_ENABLE_MODULES = YES;
				CODE_SIGN_STYLE = Automatic;
				DEVELOPMENT_TEAM = BK37X6SHR4;
				INFOPLIST_FILE = "FTC-ScoutingTests/Info.plist";
				IPHONEOS_DEPLOYMENT_TARGET = 13.5;
				LD_RUNPATH_SEARCH_PATHS = (
					"$(inherited)",
					"@executable_path/Frameworks",
					"@loader_path/Frameworks",
				);
				PRODUCT_BUNDLE_IDENTIFIER = "com.FTC-ScoutingTests";
				PRODUCT_NAME = "$(TARGET_NAME)";
				SWIFT_VERSION = 5.0;
				TARGETED_DEVICE_FAMILY = "1,2";
				TEST_HOST = "$(BUILT_PRODUCTS_DIR)/FTC-Scouting.app/FTC-Scouting";
			};
			name = Release;
		};
		5DAC794A24BED6DB00FB82DE /* Debug */ = {
			isa = XCBuildConfiguration;
			baseConfigurationReference = 61A4975AE9EA6D8D936C9104 /* Pods-FTC-Scouting-FTC-ScoutingUITests.debug.xcconfig */;
			buildSettings = {
				ALWAYS_EMBED_SWIFT_STANDARD_LIBRARIES = YES;
				CODE_SIGN_STYLE = Automatic;
				DEVELOPMENT_TEAM = BK37X6SHR4;
				INFOPLIST_FILE = "FTC-ScoutingUITests/Info.plist";
				LD_RUNPATH_SEARCH_PATHS = (
					"$(inherited)",
					"@executable_path/Frameworks",
					"@loader_path/Frameworks",
				);
				PRODUCT_BUNDLE_IDENTIFIER = "com.FTC-ScoutingUITests";
				PRODUCT_NAME = "$(TARGET_NAME)";
				SWIFT_VERSION = 5.0;
				TARGETED_DEVICE_FAMILY = "1,2";
				TEST_TARGET_NAME = "FTC-Scouting";
			};
			name = Debug;
		};
		5DAC794B24BED6DB00FB82DE /* Release */ = {
			isa = XCBuildConfiguration;
			baseConfigurationReference = 3ABA6B23E7396FB54A7D4C15 /* Pods-FTC-Scouting-FTC-ScoutingUITests.release.xcconfig */;
			buildSettings = {
				ALWAYS_EMBED_SWIFT_STANDARD_LIBRARIES = YES;
				CODE_SIGN_STYLE = Automatic;
				DEVELOPMENT_TEAM = BK37X6SHR4;
				INFOPLIST_FILE = "FTC-ScoutingUITests/Info.plist";
				LD_RUNPATH_SEARCH_PATHS = (
					"$(inherited)",
					"@executable_path/Frameworks",
					"@loader_path/Frameworks",
				);
				PRODUCT_BUNDLE_IDENTIFIER = "com.FTC-ScoutingUITests";
				PRODUCT_NAME = "$(TARGET_NAME)";
				SWIFT_VERSION = 5.0;
				TARGETED_DEVICE_FAMILY = "1,2";
				TEST_TARGET_NAME = "FTC-Scouting";
			};
			name = Release;
		};
		5DBEC14D24DE35BC003ABD96 /* Debug */ = {
			isa = XCBuildConfiguration;
			baseConfigurationReference = 9D628812056FD8EA793464D0 /* Pods-NeocraticStickers.debug.xcconfig */;
			buildSettings = {
				ASSETCATALOG_COMPILER_APPICON_NAME = "iMessage App Icon";
				CODE_SIGN_STYLE = Automatic;
				CURRENT_PROJECT_VERSION = 5;
				DEVELOPMENT_TEAM = 72QG248FWM;
				INFOPLIST_FILE = NeocraticStickers/Info.plist;
				IPHONEOS_DEPLOYMENT_TARGET = 10.0;
				MARKETING_VERSION = 1.0.3;
				PRODUCT_BUNDLE_IDENTIFIER = com.scouting.ftc.NeocraticStickers;
				PRODUCT_NAME = "$(TARGET_NAME)";
				SKIP_INSTALL = YES;
				TARGETED_DEVICE_FAMILY = "1,2";
			};
			name = Debug;
		};
		5DBEC14E24DE35BC003ABD96 /* Release */ = {
			isa = XCBuildConfiguration;
			baseConfigurationReference = 9AC4C6B87ECD0278E204BEBA /* Pods-NeocraticStickers.release.xcconfig */;
			buildSettings = {
				ASSETCATALOG_COMPILER_APPICON_NAME = "iMessage App Icon";
				CODE_SIGN_STYLE = Automatic;
				CURRENT_PROJECT_VERSION = 5;
				DEVELOPMENT_TEAM = 72QG248FWM;
				INFOPLIST_FILE = NeocraticStickers/Info.plist;
				IPHONEOS_DEPLOYMENT_TARGET = 10.0;
				MARKETING_VERSION = 1.0.3;
				PRODUCT_BUNDLE_IDENTIFIER = com.scouting.ftc.NeocraticStickers;
				PRODUCT_NAME = "$(TARGET_NAME)";
				SKIP_INSTALL = YES;
				TARGETED_DEVICE_FAMILY = "1,2";
			};
			name = Release;
		};
/* End XCBuildConfiguration section */

/* Begin XCConfigurationList section */
		5DAC791424BED6D900FB82DE /* Build configuration list for PBXProject "FTC-Scouting" */ = {
			isa = XCConfigurationList;
			buildConfigurations = (
				5DAC794124BED6DB00FB82DE /* Debug */,
				5DAC794224BED6DB00FB82DE /* Release */,
			);
			defaultConfigurationIsVisible = 0;
			defaultConfigurationName = Release;
		};
		5DAC794324BED6DB00FB82DE /* Build configuration list for PBXNativeTarget "FTC-Scouting" */ = {
			isa = XCConfigurationList;
			buildConfigurations = (
				5DAC794424BED6DB00FB82DE /* Debug */,
				5DAC794524BED6DB00FB82DE /* Release */,
			);
			defaultConfigurationIsVisible = 0;
			defaultConfigurationName = Release;
		};
		5DAC794624BED6DB00FB82DE /* Build configuration list for PBXNativeTarget "FTC-ScoutingTests" */ = {
			isa = XCConfigurationList;
			buildConfigurations = (
				5DAC794724BED6DB00FB82DE /* Debug */,
				5DAC794824BED6DB00FB82DE /* Release */,
			);
			defaultConfigurationIsVisible = 0;
			defaultConfigurationName = Release;
		};
		5DAC794924BED6DB00FB82DE /* Build configuration list for PBXNativeTarget "FTC-ScoutingUITests" */ = {
			isa = XCConfigurationList;
			buildConfigurations = (
				5DAC794A24BED6DB00FB82DE /* Debug */,
				5DAC794B24BED6DB00FB82DE /* Release */,
			);
			defaultConfigurationIsVisible = 0;
			defaultConfigurationName = Release;
		};
		5DBEC14F24DE35BC003ABD96 /* Build configuration list for PBXNativeTarget "NeocraticStickers" */ = {
			isa = XCConfigurationList;
			buildConfigurations = (
				5DBEC14D24DE35BC003ABD96 /* Debug */,
				5DBEC14E24DE35BC003ABD96 /* Release */,
			);
			defaultConfigurationIsVisible = 0;
			defaultConfigurationName = Release;
		};
/* End XCConfigurationList section */

/* Begin XCRemoteSwiftPackageReference section */
		5D5A031D24E105CB00B278CF /* XCRemoteSwiftPackageReference "IQKeyboardManager" */ = {
			isa = XCRemoteSwiftPackageReference;
			repositoryURL = "https://github.com/hackiftekhar/IQKeyboardManager.git";
			requirement = {
				kind = upToNextMajorVersion;
				minimumVersion = 6.5.6;
			};
		};
/* End XCRemoteSwiftPackageReference section */

/* Begin XCSwiftPackageProductDependency section */
		5D5A031E24E105CB00B278CF /* IQKeyboardManagerSwift */ = {
			isa = XCSwiftPackageProductDependency;
			package = 5D5A031D24E105CB00B278CF /* XCRemoteSwiftPackageReference "IQKeyboardManager" */;
			productName = IQKeyboardManagerSwift;
		};
/* End XCSwiftPackageProductDependency section */
	};
	rootObject = 5DAC791124BED6D900FB82DE /* Project object */;
}
